
Microsoft Visual Studio Solution File, Format Version 12.00
# Visual Studio Version 16
VisualStudioVersion = 16.0.31727.386
MinimumVisualStudioVersion = 10.0.40219.1
Project("{9A19103F-16F7-4668-BE54-9A1E7A4F7556}") = "PandarosWoWLogParser", "PandarosWoWLogParser.csproj", "{D0846858-677F-4CBB-A485-8E39EC7284F1}"
EndProject
Global
	GlobalSection(SolutionConfigurationPlatforms) = preSolution
		Debug|Any CPU = Debug|Any CPU
		Release|Any CPU = Release|Any CPU
	EndGlobalSection
	GlobalSection(ProjectConfigurationPlatforms) = postSolution
		{D0846858-677F-4CBB-A485-8E39EC7284F1}.Debug|Any CPU.ActiveCfg = Debug|Any CPU
		{D0846858-677F-4CBB-A485-8E39EC7284F1}.Debug|Any CPU.Build.0 = Debug|Any CPU
		{D0846858-677F-4CBB-A485-8E39EC7284F1}.Release|Any CPU.ActiveCfg = Release|Any CPU
		{D0846858-677F-4CBB-A485-8E39EC7284F1}.Release|Any CPU.Build.0 = Release|Any CPU
	EndGlobalSection
	GlobalSection(SolutionProperties) = preSolution
		HideSolutionNode = FALSE
	EndGlobalSection
	GlobalSection(ExtensibilityGlobals) = postSolution
		SolutionGuid = {ACC7CDF8-F9AA-4B3B-89CC-A5FC618931B4}
	EndGlobalSection
EndGlobal
